
Microsoft Visual Studio Solution File, Format Version 12.00
# Visual Studio for Mac
Project("{FAE04EC0-301F-11D3-BF4B-00C04F79EFBC}") = "RokidTest", "Assembly-CSharp.csproj", "{CE7301CE-BDE6-436D-0850-5BC26627F095}"
EndProject
Project("{FAE04EC0-301F-11D3-BF4B-00C04F79EFBC}") = "RokidTest", "Assembly-CSharp-Editor.csproj", "{23AC69A1-81BD-B23E-F396-212713B0D4F0}"
EndProject
Global
	GlobalSection(SolutionConfigurationPlatforms) = preSolution
		Debug|Any CPU = Debug|Any CPU
		Release|Any CPU = Release|Any CPU
	EndGlobalSection
	GlobalSection(ProjectConfigurationPlatforms) = postSolution
		{CE7301CE-BDE6-436D-0850-5BC26627F095}.Debug|Any CPU.ActiveCfg = Debug|Any CPU
		{CE7301CE-BDE6-436D-0850-5BC26627F095}.Debug|Any CPU.Build.0 = Debug|Any CPU
		{CE7301CE-BDE6-436D-0850-5BC26627F095}.Release|Any CPU.ActiveCfg = Release|Any CPU
		{CE7301CE-BDE6-436D-0850-5BC26627F095}.Release|Any CPU.Build.0 = Release|Any CPU
		{23AC69A1-81BD-B23E-F396-212713B0D4F0}.Debug|Any CPU.ActiveCfg = Debug|Any CPU
		{23AC69A1-81BD-B23E-F396-212713B0D4F0}.Debug|Any CPU.Build.0 = Debug|Any CPU
		{23AC69A1-81BD-B23E-F396-212713B0D4F0}.Release|Any CPU.ActiveCfg = Release|Any CPU
		{23AC69A1-81BD-B23E-F396-212713B0D4F0}.Release|Any CPU.Build.0 = Release|Any CPU
	EndGlobalSection
	GlobalSection(SolutionProperties) = preSolution
		HideSolutionNode = FALSE
	EndGlobalSection
EndGlobal
